
Microsoft Visual Studio Solution File, Format Version 12.00
# Visual Studio Version 16
VisualStudioVersion = 16.0.29926.136
MinimumVisualStudioVersion = 10.0.40219.1
Project("{FAE04EC0-301F-11D3-BF4B-00C04F79EFBC}") = "Ej1", "LabSintaxis4\Ej1.csproj", "{60D2B04C-5E88-4F4D-A7AA-6B5824121667}"
EndProject
Project("{FAE04EC0-301F-11D3-BF4B-00C04F79EFBC}") = "Ej2", "Ej2\Ej2.csproj", "{CD3683E0-ED7B-4B44-A027-127BA9ACF565}"
EndProject
Project("{FAE04EC0-301F-11D3-BF4B-00C04F79EFBC}") = "Ej3", "Ej3\Ej3.csproj", "{86AC831D-B1B6-4E43-9FC3-63D8164C9924}"
EndProject
Project("{FAE04EC0-301F-11D3-BF4B-00C04F79EFBC}") = "Ej4", "Ej4\Ej4.csproj", "{75DFF5C6-CC1D-49F6-B73F-DAC34EB03090}"
EndProject
Project("{FAE04EC0-301F-11D3-BF4B-00C04F79EFBC}") = "Ej5", "Ej5\Ej5.csproj", "{D808A7D9-C186-488D-9B80-2BEE64295F3C}"
EndProject
Project("{FAE04EC0-301F-11D3-BF4B-00C04F79EFBC}") = "Ej6", "Ej6\Ej6.csproj", "{038E7C79-E9D0-4274-8030-610A6422D459}"
EndProject
Project("{FAE04EC0-301F-11D3-BF4B-00C04F79EFBC}") = "Ej7", "Ej7\Ej7.csproj", "{D7A4CC95-B868-4E0B-9010-491BFE3EFF95}"
EndProject
Global
	GlobalSection(SolutionConfigurationPlatforms) = preSolution
		Debug|Any CPU = Debug|Any CPU
		Release|Any CPU = Release|Any CPU
	EndGlobalSection
	GlobalSection(ProjectConfigurationPlatforms) = postSolution
		{60D2B04C-5E88-4F4D-A7AA-6B5824121667}.Debug|Any CPU.ActiveCfg = Debug|Any CPU
		{60D2B04C-5E88-4F4D-A7AA-6B5824121667}.Debug|Any CPU.Build.0 = Debug|Any CPU
		{60D2B04C-5E88-4F4D-A7AA-6B5824121667}.Release|Any CPU.ActiveCfg = Release|Any CPU
		{60D2B04C-5E88-4F4D-A7AA-6B5824121667}.Release|Any CPU.Build.0 = Release|Any CPU
		{CD3683E0-ED7B-4B44-A027-127BA9ACF565}.Debug|Any CPU.ActiveCfg = Debug|Any CPU
		{CD3683E0-ED7B-4B44-A027-127BA9ACF565}.Debug|Any CPU.Build.0 = Debug|Any CPU
		{CD3683E0-ED7B-4B44-A027-127BA9ACF565}.Release|Any CPU.ActiveCfg = Release|Any CPU
		{CD3683E0-ED7B-4B44-A027-127BA9ACF565}.Release|Any CPU.Build.0 = Release|Any CPU
		{86AC831D-B1B6-4E43-9FC3-63D8164C9924}.Debug|Any CPU.ActiveCfg = Debug|Any CPU
		{86AC831D-B1B6-4E43-9FC3-63D8164C9924}.Debug|Any CPU.Build.0 = Debug|Any CPU
		{86AC831D-B1B6-4E43-9FC3-63D8164C9924}.Release|Any CPU.ActiveCfg = Release|Any CPU
		{86AC831D-B1B6-4E43-9FC3-63D8164C9924}.Release|Any CPU.Build.0 = Release|Any CPU
		{75DFF5C6-CC1D-49F6-B73F-DAC34EB03090}.Debug|Any CPU.ActiveCfg = Debug|Any CPU
		{75DFF5C6-CC1D-49F6-B73F-DAC34EB03090}.Debug|Any CPU.Build.0 = Debug|Any CPU
		{75DFF5C6-CC1D-49F6-B73F-DAC34EB03090}.Release|Any CPU.ActiveCfg = Release|Any CPU
		{75DFF5C6-CC1D-49F6-B73F-DAC34EB03090}.Release|Any CPU.Build.0 = Release|Any CPU
		{D808A7D9-C186-488D-9B80-2BEE64295F3C}.Debug|Any CPU.ActiveCfg = Debug|Any CPU
		{D808A7D9-C186-488D-9B80-2BEE64295F3C}.Debug|Any CPU.Build.0 = Debug|Any CPU
		{D808A7D9-C186-488D-9B80-2BEE64295F3C}.Release|Any CPU.ActiveCfg = Release|Any CPU
		{D808A7D9-C186-488D-9B80-2BEE64295F3C}.Release|Any CPU.Build.0 = Release|Any CPU
		{038E7C79-E9D0-4274-8030-610A6422D459}.Debug|Any CPU.ActiveCfg = Debug|Any CPU
		{038E7C79-E9D0-4274-8030-610A6422D459}.Debug|Any CPU.Build.0 = Debug|Any CPU
		{038E7C79-E9D0-4274-8030-610A6422D459}.Release|Any CPU.ActiveCfg = Release|Any CPU
		{038E7C79-E9D0-4274-8030-610A6422D459}.Release|Any CPU.Build.0 = Release|Any CPU
		{D7A4CC95-B868-4E0B-9010-491BFE3EFF95}.Debug|Any CPU.ActiveCfg = Debug|Any CPU
		{D7A4CC95-B868-4E0B-9010-491BFE3EFF95}.Debug|Any CPU.Build.0 = Debug|Any CPU
		{D7A4CC95-B868-4E0B-9010-491BFE3EFF95}.Release|Any CPU.ActiveCfg = Release|Any CPU
		{D7A4CC95-B868-4E0B-9010-491BFE3EFF95}.Release|Any CPU.Build.0 = Release|Any CPU
	EndGlobalSection
	GlobalSection(SolutionProperties) = preSolution
		HideSolutionNode = FALSE
	EndGlobalSection
	GlobalSection(ExtensibilityGlobals) = postSolution
		SolutionGuid = {AD36F485-AC35-4D41-8064-493E153D0309}
	EndGlobalSection
EndGlobal
