
Microsoft Visual Studio Solution File, Format Version 12.00
# Visual Studio Version 16
VisualStudioVersion = 16.0.29926.136
MinimumVisualStudioVersion = 10.0.40219.1
Project("{FAE04EC0-301F-11D3-BF4B-00C04F79EFBC}") = "LabSintaxis4", "LabSintaxis4\LabSintaxis4.csproj", "{60D2B04C-5E88-4F4D-A7AA-6B5824121667}"
EndProject
Global
	GlobalSection(SolutionConfigurationPlatforms) = preSolution
		Debug|Any CPU = Debug|Any CPU
		Release|Any CPU = Release|Any CPU
	EndGlobalSection
	GlobalSection(ProjectConfigurationPlatforms) = postSolution
		{60D2B04C-5E88-4F4D-A7AA-6B5824121667}.Debug|Any CPU.ActiveCfg = Debug|Any CPU
		{60D2B04C-5E88-4F4D-A7AA-6B5824121667}.Debug|Any CPU.Build.0 = Debug|Any CPU
		{60D2B04C-5E88-4F4D-A7AA-6B5824121667}.Release|Any CPU.ActiveCfg = Release|Any CPU
		{60D2B04C-5E88-4F4D-A7AA-6B5824121667}.Release|Any CPU.Build.0 = Release|Any CPU
	EndGlobalSection
	GlobalSection(SolutionProperties) = preSolution
		HideSolutionNode = FALSE
	EndGlobalSection
	GlobalSection(ExtensibilityGlobals) = postSolution
		SolutionGuid = {AD36F485-AC35-4D41-8064-493E153D0309}
	EndGlobalSection
EndGlobal
