
Microsoft Visual Studio Solution File, Format Version 12.00
# Visual Studio Version 16
VisualStudioVersion = 16.0.29926.136
MinimumVisualStudioVersion = 10.0.40219.1
Project("{FAE04EC0-301F-11D3-BF4B-00C04F79EFBC}") = "Academia", "Academia\Academia.csproj", "{AACB56CC-37EB-47B6-9375-9BC357DA9549}"
EndProject
Global
	GlobalSection(SolutionConfigurationPlatforms) = preSolution
		Debug|Any CPU = Debug|Any CPU
		Release|Any CPU = Release|Any CPU
	EndGlobalSection
	GlobalSection(ProjectConfigurationPlatforms) = postSolution
		{AACB56CC-37EB-47B6-9375-9BC357DA9549}.Debug|Any CPU.ActiveCfg = Debug|Any CPU
		{AACB56CC-37EB-47B6-9375-9BC357DA9549}.Debug|Any CPU.Build.0 = Debug|Any CPU
		{AACB56CC-37EB-47B6-9375-9BC357DA9549}.Release|Any CPU.ActiveCfg = Release|Any CPU
		{AACB56CC-37EB-47B6-9375-9BC357DA9549}.Release|Any CPU.Build.0 = Release|Any CPU
	EndGlobalSection
	GlobalSection(SolutionProperties) = preSolution
		HideSolutionNode = FALSE
	EndGlobalSection
	GlobalSection(ExtensibilityGlobals) = postSolution
		SolutionGuid = {4371B8D3-7B26-4752-90D8-C2373648D416}
	EndGlobalSection
EndGlobal
